// !$*UTF8*$!
{
	archiveVersion = 1;
	classes = {
	};
	objectVersion = 56;
	objects = {

/* Begin PBXBuildFile section */
		132CA3032973FDAA0015D310 /* RecognitionFrequencySecMenuItems.swift in Sources */ = {isa = PBXBuildFile; fileRef = 132CA3022973FDA90015D310 /* RecognitionFrequencySecMenuItems.swift */; };
		1331B467297D904C00FEBE24 /* StreamingRecognitionTest.swift in Sources */ = {isa = PBXBuildFile; fileRef = 1331B466297D904C00FEBE24 /* StreamingRecognitionTest.swift */; };
		1331B49029842E3F00FEBE24 /* ggml-tiny.en.bin in Resources */ = {isa = PBXBuildFile; fileRef = 1331B48F29842E3F00FEBE24 /* ggml-tiny.en.bin */; };
		1331B49C298439FF00FEBE24 /* StreamingRecognitionTest in Resources */ = {isa = PBXBuildFile; fileRef = 1331B49B298439FF00FEBE24 /* StreamingRecognitionTest */; };
		13516D992960369D005013C8 /* RecognizedSpeechMock.swift in Sources */ = {isa = PBXBuildFile; fileRef = 13516D982960369D005013C8 /* RecognizedSpeechMock.swift */; };
		13516D9D2961A900005013C8 /* SideMenu.swift in Sources */ = {isa = PBXBuildFile; fileRef = 13516D9C2961A900005013C8 /* SideMenu.swift */; };
		136E051F2965F57F00DEC112 /* ModelLoadMenuItems.swift in Sources */ = {isa = PBXBuildFile; fileRef = 136E051E2965F57F00DEC112 /* ModelLoadMenuItems.swift */; };
		139ED46729672F840084DCEC /* LanguageSelectMenuItems.swift in Sources */ = {isa = PBXBuildFile; fileRef = 139ED46629672F840084DCEC /* LanguageSelectMenuItems.swift */; };
		139ED46929674CC10084DCEC /* DeveloperMenuItems.swift in Sources */ = {isa = PBXBuildFile; fileRef = 139ED46829674CC10084DCEC /* DeveloperMenuItems.swift */; };
		13D1E491295CE40C0070090B /* DeveloperMainView.swift in Sources */ = {isa = PBXBuildFile; fileRef = 13D1E490295CE40C0070090B /* DeveloperMainView.swift */; };
		13D1E499295CE4130070090B /* ggml.c in Sources */ = {isa = PBXBuildFile; fileRef = 13D1E496295CE4120070090B /* ggml.c */; settings = {COMPILER_FLAGS = "-DGGML_USE_ACCELERATE"; }; };
		13D1E49A295CE4130070090B /* whisper.cpp in Sources */ = {isa = PBXBuildFile; fileRef = 13D1E497295CE4120070090B /* whisper.cpp */; };
		13D1E49F295CE4370070090B /* Recognizer.swift in Sources */ = {isa = PBXBuildFile; fileRef = 13D1E49B295CE4370070090B /* Recognizer.swift */; };
		13D1E4A0295CE4370070090B /* WhisperRecognizer.swift in Sources */ = {isa = PBXBuildFile; fileRef = 13D1E49C295CE4370070090B /* WhisperRecognizer.swift */; };
		13D1E4A1295CE4370070090B /* RecognizedSpeech.swift in Sources */ = {isa = PBXBuildFile; fileRef = 13D1E49D295CE4370070090B /* RecognizedSpeech.swift */; };
		13D1E4A2295CE4370070090B /* TranscriptionLine.swift in Sources */ = {isa = PBXBuildFile; fileRef = 13D1E49E295CE4370070090B /* TranscriptionLine.swift */; };
		387B6FCE0F7C83F953692C3A /* README.md in Sources */ = {isa = PBXBuildFile; fileRef = 387B6489C08FCF766F9D934F /* README.md */; };
		5709E5052960BDFC00352CF3 /* Waveform.swift in Sources */ = {isa = PBXBuildFile; fileRef = 5709E5042960BDFC00352CF3 /* Waveform.swift */; };
		572D3760296AA30E0096DEEE /* ShareButton.swift in Sources */ = {isa = PBXBuildFile; fileRef = 572D375F296AA30E0096DEEE /* ShareButton.swift */; };
		574609C72961A08300D9DE06 /* Model.xcdatamodeld in Sources */ = {isa = PBXBuildFile; fileRef = 574609C52961A08300D9DE06 /* Model.xcdatamodeld */; };
		5766628C296047B100C27512 /* RecognitionPane.swift in Sources */ = {isa = PBXBuildFile; fileRef = 5766628B296047B100C27512 /* RecognitionPane.swift */; };
		578352F5298676D600081CF8 /* EditingAudioPlayer.swift in Sources */ = {isa = PBXBuildFile; fileRef = 578352F4298676D600081CF8 /* EditingAudioPlayer.swift */; };
		578352F829890CF400081CF8 /* ToolBar.swift in Sources */ = {isa = PBXBuildFile; fileRef = 578352F729890CF400081CF8 /* ToolBar.swift */; };
		57B26A22296317A3007A7B9B /* StopButtonPane.swift in Sources */ = {isa = PBXBuildFile; fileRef = 57B26A21296317A3007A7B9B /* StopButtonPane.swift */; };
		57B26A262963FFC7007A7B9B /* ConfirmPane.swift in Sources */ = {isa = PBXBuildFile; fileRef = 57B26A252963FFC7007A7B9B /* ConfirmPane.swift */; };
		57B26A2929649A7F007A7B9B /* DequeModule in Frameworks */ = {isa = PBXBuildFile; productRef = 57B26A2829649A7F007A7B9B /* DequeModule */; };
		57B26A2B2965743F007A7B9B /* AudioPlayer.swift in Sources */ = {isa = PBXBuildFile; fileRef = 57B26A2A2965743F007A7B9B /* AudioPlayer.swift */; };
		57B26A2D2965E04D007A7B9B /* utils.swift in Sources */ = {isa = PBXBuildFile; fileRef = 57B26A2C2965E04D007A7B9B /* utils.swift */; };
		57C722A0295C979B009C8A20 /* HomeView.swift in Sources */ = {isa = PBXBuildFile; fileRef = 57C7229F295C979B009C8A20 /* HomeView.swift */; };
		57C722A2295C97F5009C8A20 /* RecordButtonPane.swift in Sources */ = {isa = PBXBuildFile; fileRef = 57C722A1295C97F5009C8A20 /* RecordButtonPane.swift */; };
		57CF69D42967019C00DF0E3F /* LazyView.swift in Sources */ = {isa = PBXBuildFile; fileRef = 57CF69D32967019B00DF0E3F /* LazyView.swift */; };
		57CF69D62968897800DF0E3F /* Constant.swift in Sources */ = {isa = PBXBuildFile; fileRef = 57CF69D52968897800DF0E3F /* Constant.swift */; };
		57D4CB192981BF2D00D0D598 /* RecognitionPlayer.swift in Sources */ = {isa = PBXBuildFile; fileRef = 57D4CB182981BF2D00D0D598 /* RecognitionPlayer.swift */; };
		57D4CB1B2981C39900D0D598 /* TranscriptionLines.swift in Sources */ = {isa = PBXBuildFile; fileRef = 57D4CB1A2981C39900D0D598 /* TranscriptionLines.swift */; };
		57EAB6E02961F58700BB59BE /* RecognizedSpeechData+CoreDataClass.swift in Sources */ = {isa = PBXBuildFile; fileRef = 57EAB6DC2961F58700BB59BE /* RecognizedSpeechData+CoreDataClass.swift */; };
		57EAB6E22961F58700BB59BE /* TranscriptionLineData+CoreDataClass.swift in Sources */ = {isa = PBXBuildFile; fileRef = 57EAB6DE2961F58700BB59BE /* TranscriptionLineData+CoreDataClass.swift */; };
		57EAB6E72962041000BB59BE /* CoreDataRepository.swift in Sources */ = {isa = PBXBuildFile; fileRef = 57EAB6E62962041000BB59BE /* CoreDataRepository.swift */; };
		57EAB6E9296207C600BB59BE /* RecognizedSpeechRepository.swift in Sources */ = {isa = PBXBuildFile; fileRef = 57EAB6E8296207C600BB59BE /* RecognizedSpeechRepository.swift */; };
		57EAB6EC296214D300BB59BE /* TranscriptionLineData+CoreDataProperties.swift in Sources */ = {isa = PBXBuildFile; fileRef = 57EAB6EA296214D300BB59BE /* TranscriptionLineData+CoreDataProperties.swift */; };
		57EAB6ED296214D300BB59BE /* RecognizedSpeechData+CoreDataProperties.swift in Sources */ = {isa = PBXBuildFile; fileRef = 57EAB6EB296214D300BB59BE /* RecognizedSpeechData+CoreDataProperties.swift */; };
		5A0DE9C8298695100071EE82 /* WhisperModel.swift in Sources */ = {isa = PBXBuildFile; fileRef = 5A0DE9C7298695100071EE82 /* WhisperModel.swift */; };
		5A0DE9CA298695910071EE82 /* WhisperModelRepository.swift in Sources */ = {isa = PBXBuildFile; fileRef = 5A0DE9C9298695910071EE82 /* WhisperModelRepository.swift */; };
		5A2517972989800C001ED13F /* FileDownloader.swift in Sources */ = {isa = PBXBuildFile; fileRef = 5A2517962989800C001ED13F /* FileDownloader.swift */; };
		5A8F54F52948CCDB00E87D25 /* whisper_iosApp.swift in Sources */ = {isa = PBXBuildFile; fileRef = 5A8F54F42948CCDB00E87D25 /* whisper_iosApp.swift */; };
		5A8F54F92948CCDD00E87D25 /* Assets.xcassets in Resources */ = {isa = PBXBuildFile; fileRef = 5A8F54F82948CCDD00E87D25 /* Assets.xcassets */; };
		5A8F54FC2948CCDD00E87D25 /* Preview Assets.xcassets in Resources */ = {isa = PBXBuildFile; fileRef = 5A8F54FB2948CCDD00E87D25 /* Preview Assets.xcassets */; };
		5A8F55062948CCDD00E87D25 /* whisper_iosTests.swift in Sources */ = {isa = PBXBuildFile; fileRef = 5A8F55052948CCDD00E87D25 /* whisper_iosTests.swift */; };
		5A8F55102948CCDD00E87D25 /* whisper_iosUITests.swift in Sources */ = {isa = PBXBuildFile; fileRef = 5A8F550F2948CCDD00E87D25 /* whisper_iosUITests.swift */; };
		5A8F55122948CCDD00E87D25 /* whisper_iosUITestsLaunchTests.swift in Sources */ = {isa = PBXBuildFile; fileRef = 5A8F55112948CCDD00E87D25 /* whisper_iosUITestsLaunchTests.swift */; };
		5A8F55202948CD1F00E87D25 /* Data.swift in Sources */ = {isa = PBXBuildFile; fileRef = 5A8F551F2948CD1F00E87D25 /* Data.swift */; };
		5A8F55222948CD3900E87D25 /* Record.swift in Sources */ = {isa = PBXBuildFile; fileRef = 5A8F55212948CD3900E87D25 /* Record.swift */; };
		5A8F55242948CD5000E87D25 /* RecordDetails.swift in Sources */ = {isa = PBXBuildFile; fileRef = 5A8F55232948CD5000E87D25 /* RecordDetails.swift */; };
		5A8F55282948CDB700E87D25 /* RecordList.swift in Sources */ = {isa = PBXBuildFile; fileRef = 5A8F55272948CDB700E87D25 /* RecordList.swift */; };
		5A8F552B2948CEA800E87D25 /* Inject in Frameworks */ = {isa = PBXBuildFile; productRef = 5A8F552A2948CEA800E87D25 /* Inject */; };
		5ABF47B62995243A00620518 /* ggml-tiny.multi.bin in Resources */ = {isa = PBXBuildFile; fileRef = 5ABF47B52995243A00620518 /* ggml-tiny.multi.bin */; };
/* End PBXBuildFile section */

/* Begin PBXContainerItemProxy section */
		5A8F55022948CCDD00E87D25 /* PBXContainerItemProxy */ = {
			isa = PBXContainerItemProxy;
			containerPortal = 5A8F54E92948CCDB00E87D25 /* Project object */;
			proxyType = 1;
			remoteGlobalIDString = 5A8F54F02948CCDB00E87D25;
			remoteInfo = "whisper-ios";
		};
		5A8F550C2948CCDD00E87D25 /* PBXContainerItemProxy */ = {
			isa = PBXContainerItemProxy;
			containerPortal = 5A8F54E92948CCDB00E87D25 /* Project object */;
			proxyType = 1;
			remoteGlobalIDString = 5A8F54F02948CCDB00E87D25;
			remoteInfo = "whisper-ios";
		};
/* End PBXContainerItemProxy section */

/* Begin PBXFileReference section */
		132CA3022973FDA90015D310 /* RecognitionFrequencySecMenuItems.swift */ = {isa = PBXFileReference; lastKnownFileType = sourcecode.swift; path = RecognitionFrequencySecMenuItems.swift; sourceTree = "<group>"; };
		1331B466297D904C00FEBE24 /* StreamingRecognitionTest.swift */ = {isa = PBXFileReference; lastKnownFileType = sourcecode.swift; path = StreamingRecognitionTest.swift; sourceTree = "<group>"; };
		1331B48F29842E3F00FEBE24 /* ggml-tiny.en.bin */ = {isa = PBXFileReference; lastKnownFileType = archive.macbinary; path = "ggml-tiny.en.bin"; sourceTree = "<group>"; };
		1331B49B298439FF00FEBE24 /* StreamingRecognitionTest */ = {isa = PBXFileReference; lastKnownFileType = folder; path = StreamingRecognitionTest; sourceTree = "<group>"; };
		13516D982960369D005013C8 /* RecognizedSpeechMock.swift */ = {isa = PBXFileReference; lastKnownFileType = sourcecode.swift; path = RecognizedSpeechMock.swift; sourceTree = "<group>"; };
		13516D9C2961A900005013C8 /* SideMenu.swift */ = {isa = PBXFileReference; lastKnownFileType = sourcecode.swift; path = SideMenu.swift; sourceTree = "<group>"; };
		136E051E2965F57F00DEC112 /* ModelLoadMenuItems.swift */ = {isa = PBXFileReference; lastKnownFileType = sourcecode.swift; path = ModelLoadMenuItems.swift; sourceTree = "<group>"; };
		139ED46629672F840084DCEC /* LanguageSelectMenuItems.swift */ = {isa = PBXFileReference; lastKnownFileType = sourcecode.swift; path = LanguageSelectMenuItems.swift; sourceTree = "<group>"; };
		139ED46829674CC10084DCEC /* DeveloperMenuItems.swift */ = {isa = PBXFileReference; lastKnownFileType = sourcecode.swift; path = DeveloperMenuItems.swift; sourceTree = "<group>"; };
		13D1E490295CE40C0070090B /* DeveloperMainView.swift */ = {isa = PBXFileReference; fileEncoding = 4; lastKnownFileType = sourcecode.swift; path = DeveloperMainView.swift; sourceTree = "<group>"; };
		13D1E494295CE4120070090B /* whisper-ios-test-Bridging-Header.h */ = {isa = PBXFileReference; fileEncoding = 4; lastKnownFileType = sourcecode.c.h; path = "whisper-ios-test-Bridging-Header.h"; sourceTree = "<group>"; };
		13D1E495295CE4120070090B /* whisper.h */ = {isa = PBXFileReference; fileEncoding = 4; lastKnownFileType = sourcecode.c.h; path = whisper.h; sourceTree = "<group>"; };
		13D1E496295CE4120070090B /* ggml.c */ = {isa = PBXFileReference; fileEncoding = 4; lastKnownFileType = sourcecode.c.c; path = ggml.c; sourceTree = "<group>"; };
		13D1E497295CE4120070090B /* whisper.cpp */ = {isa = PBXFileReference; fileEncoding = 4; lastKnownFileType = sourcecode.cpp.cpp; path = whisper.cpp; sourceTree = "<group>"; };
		13D1E498295CE4120070090B /* ggml.h */ = {isa = PBXFileReference; fileEncoding = 4; lastKnownFileType = sourcecode.c.h; path = ggml.h; sourceTree = "<group>"; };
		13D1E49B295CE4370070090B /* Recognizer.swift */ = {isa = PBXFileReference; fileEncoding = 4; lastKnownFileType = sourcecode.swift; path = Recognizer.swift; sourceTree = "<group>"; };
		13D1E49C295CE4370070090B /* WhisperRecognizer.swift */ = {isa = PBXFileReference; fileEncoding = 4; lastKnownFileType = sourcecode.swift; path = WhisperRecognizer.swift; sourceTree = "<group>"; };
		13D1E49D295CE4370070090B /* RecognizedSpeech.swift */ = {isa = PBXFileReference; fileEncoding = 4; lastKnownFileType = sourcecode.swift; path = RecognizedSpeech.swift; sourceTree = "<group>"; };
		13D1E49E295CE4370070090B /* TranscriptionLine.swift */ = {isa = PBXFileReference; fileEncoding = 4; lastKnownFileType = sourcecode.swift; path = TranscriptionLine.swift; sourceTree = "<group>"; };
		387B6489C08FCF766F9D934F /* README.md */ = {isa = PBXFileReference; fileEncoding = 4; lastKnownFileType = net.daringfireball.markdown; path = README.md; sourceTree = "<group>"; };
		5709E5042960BDFC00352CF3 /* Waveform.swift */ = {isa = PBXFileReference; lastKnownFileType = sourcecode.swift; path = Waveform.swift; sourceTree = "<group>"; };
		572D375F296AA30E0096DEEE /* ShareButton.swift */ = {isa = PBXFileReference; lastKnownFileType = sourcecode.swift; path = ShareButton.swift; sourceTree = "<group>"; };
		574609C62961A08300D9DE06 /* Model.xcdatamodel */ = {isa = PBXFileReference; lastKnownFileType = wrapper.xcdatamodel; path = Model.xcdatamodel; sourceTree = "<group>"; };
		5766628A29603BBF00C27512 /* Info.plist */ = {isa = PBXFileReference; lastKnownFileType = text.plist; path = Info.plist; sourceTree = "<group>"; };
		5766628B296047B100C27512 /* RecognitionPane.swift */ = {isa = PBXFileReference; lastKnownFileType = sourcecode.swift; path = RecognitionPane.swift; sourceTree = "<group>"; };
		57835301299047B500081CF8 /* Info.plist */ = {isa = PBXFileReference; lastKnownFileType = text.plist; path = Info.plist; sourceTree = "<group>"; };
		578352F4298676D600081CF8 /* EditingAudioPlayer.swift */ = {isa = PBXFileReference; fileEncoding = 4; lastKnownFileType = sourcecode.swift; path = EditingAudioPlayer.swift; sourceTree = "<group>"; };
		578352F729890CF400081CF8 /* ToolBar.swift */ = {isa = PBXFileReference; lastKnownFileType = sourcecode.swift; path = ToolBar.swift; sourceTree = "<group>"; };
		57B26A21296317A3007A7B9B /* StopButtonPane.swift */ = {isa = PBXFileReference; lastKnownFileType = sourcecode.swift; path = StopButtonPane.swift; sourceTree = "<group>"; };
		57B26A252963FFC7007A7B9B /* ConfirmPane.swift */ = {isa = PBXFileReference; lastKnownFileType = sourcecode.swift; path = ConfirmPane.swift; sourceTree = "<group>"; };
		57B26A2A2965743F007A7B9B /* AudioPlayer.swift */ = {isa = PBXFileReference; lastKnownFileType = sourcecode.swift; path = AudioPlayer.swift; sourceTree = "<group>"; };
		57B26A2C2965E04D007A7B9B /* utils.swift */ = {isa = PBXFileReference; lastKnownFileType = sourcecode.swift; path = utils.swift; sourceTree = "<group>"; };
		57C7229F295C979B009C8A20 /* HomeView.swift */ = {isa = PBXFileReference; lastKnownFileType = sourcecode.swift; path = HomeView.swift; sourceTree = "<group>"; };
		57C722A1295C97F5009C8A20 /* RecordButtonPane.swift */ = {isa = PBXFileReference; lastKnownFileType = sourcecode.swift; path = RecordButtonPane.swift; sourceTree = "<group>"; };
		57CF69D32967019B00DF0E3F /* LazyView.swift */ = {isa = PBXFileReference; lastKnownFileType = sourcecode.swift; path = LazyView.swift; sourceTree = "<group>"; };
		57CF69D52968897800DF0E3F /* Constant.swift */ = {isa = PBXFileReference; lastKnownFileType = sourcecode.swift; path = Constant.swift; sourceTree = "<group>"; };
		57D4CB182981BF2D00D0D598 /* RecognitionPlayer.swift */ = {isa = PBXFileReference; lastKnownFileType = sourcecode.swift; path = RecognitionPlayer.swift; sourceTree = "<group>"; };
		57D4CB1A2981C39900D0D598 /* TranscriptionLines.swift */ = {isa = PBXFileReference; lastKnownFileType = sourcecode.swift; path = TranscriptionLines.swift; sourceTree = "<group>"; };
		57EAB6DC2961F58700BB59BE /* RecognizedSpeechData+CoreDataClass.swift */ = {isa = PBXFileReference; lastKnownFileType = sourcecode.swift; name = "RecognizedSpeechData+CoreDataClass.swift"; path = "whisper-ios/Repository/CoreDataModels/RecognizedSpeechData+CoreDataClass.swift"; sourceTree = SOURCE_ROOT; };
		57EAB6DE2961F58700BB59BE /* TranscriptionLineData+CoreDataClass.swift */ = {isa = PBXFileReference; lastKnownFileType = sourcecode.swift; name = "TranscriptionLineData+CoreDataClass.swift"; path = "whisper-ios/Repository/CoreDataModels/TranscriptionLineData+CoreDataClass.swift"; sourceTree = SOURCE_ROOT; };
		57EAB6E62962041000BB59BE /* CoreDataRepository.swift */ = {isa = PBXFileReference; lastKnownFileType = sourcecode.swift; path = CoreDataRepository.swift; sourceTree = "<group>"; };
		57EAB6E8296207C600BB59BE /* RecognizedSpeechRepository.swift */ = {isa = PBXFileReference; lastKnownFileType = sourcecode.swift; path = RecognizedSpeechRepository.swift; sourceTree = "<group>"; };
		57EAB6EA296214D300BB59BE /* TranscriptionLineData+CoreDataProperties.swift */ = {isa = PBXFileReference; lastKnownFileType = sourcecode.swift; name = "TranscriptionLineData+CoreDataProperties.swift"; path = "whisper-ios/Repository/CoreDataModels/TranscriptionLineData+CoreDataProperties.swift"; sourceTree = SOURCE_ROOT; };
		57EAB6EB296214D300BB59BE /* RecognizedSpeechData+CoreDataProperties.swift */ = {isa = PBXFileReference; lastKnownFileType = sourcecode.swift; name = "RecognizedSpeechData+CoreDataProperties.swift"; path = "whisper-ios/Repository/CoreDataModels/RecognizedSpeechData+CoreDataProperties.swift"; sourceTree = SOURCE_ROOT; };
		5A0DE9C7298695100071EE82 /* WhisperModel.swift */ = {isa = PBXFileReference; fileEncoding = 4; lastKnownFileType = sourcecode.swift; path = WhisperModel.swift; sourceTree = "<group>"; };
		5A0DE9C9298695910071EE82 /* WhisperModelRepository.swift */ = {isa = PBXFileReference; fileEncoding = 4; lastKnownFileType = sourcecode.swift; path = WhisperModelRepository.swift; sourceTree = "<group>"; };
		5A0DE9CF2986F2CE0071EE82 /* ggml-tiny.multi.bin */ = {isa = PBXFileReference; lastKnownFileType = archive.macbinary; path = "ggml-tiny.multi.bin"; sourceTree = "<group>"; };
		5A2517962989800C001ED13F /* FileDownloader.swift */ = {isa = PBXFileReference; fileEncoding = 4; lastKnownFileType = sourcecode.swift; path = FileDownloader.swift; sourceTree = "<group>"; };
		5A8F54F12948CCDB00E87D25 /* whisper-ios.app */ = {isa = PBXFileReference; explicitFileType = wrapper.application; includeInIndex = 0; path = "whisper-ios.app"; sourceTree = BUILT_PRODUCTS_DIR; };
		5A8F54F42948CCDB00E87D25 /* whisper_iosApp.swift */ = {isa = PBXFileReference; lastKnownFileType = sourcecode.swift; path = whisper_iosApp.swift; sourceTree = "<group>"; };
		5A8F54F82948CCDD00E87D25 /* Assets.xcassets */ = {isa = PBXFileReference; lastKnownFileType = folder.assetcatalog; path = Assets.xcassets; sourceTree = "<group>"; };
		5A8F54FB2948CCDD00E87D25 /* Preview Assets.xcassets */ = {isa = PBXFileReference; lastKnownFileType = folder.assetcatalog; path = "Preview Assets.xcassets"; sourceTree = "<group>"; };
		5A8F55012948CCDD00E87D25 /* whisper-iosTests.xctest */ = {isa = PBXFileReference; explicitFileType = wrapper.cfbundle; includeInIndex = 0; path = "whisper-iosTests.xctest"; sourceTree = BUILT_PRODUCTS_DIR; };
		5A8F55052948CCDD00E87D25 /* whisper_iosTests.swift */ = {isa = PBXFileReference; lastKnownFileType = sourcecode.swift; path = whisper_iosTests.swift; sourceTree = "<group>"; };
		5A8F550B2948CCDD00E87D25 /* whisper-iosUITests.xctest */ = {isa = PBXFileReference; explicitFileType = wrapper.cfbundle; includeInIndex = 0; path = "whisper-iosUITests.xctest"; sourceTree = BUILT_PRODUCTS_DIR; };
		5A8F550F2948CCDD00E87D25 /* whisper_iosUITests.swift */ = {isa = PBXFileReference; lastKnownFileType = sourcecode.swift; path = whisper_iosUITests.swift; sourceTree = "<group>"; };
		5A8F55112948CCDD00E87D25 /* whisper_iosUITestsLaunchTests.swift */ = {isa = PBXFileReference; lastKnownFileType = sourcecode.swift; path = whisper_iosUITestsLaunchTests.swift; sourceTree = "<group>"; };
		5A8F551F2948CD1F00E87D25 /* Data.swift */ = {isa = PBXFileReference; lastKnownFileType = sourcecode.swift; path = Data.swift; sourceTree = "<group>"; };
		5A8F55212948CD3900E87D25 /* Record.swift */ = {isa = PBXFileReference; lastKnownFileType = sourcecode.swift; path = Record.swift; sourceTree = "<group>"; };
		5A8F55232948CD5000E87D25 /* RecordDetails.swift */ = {isa = PBXFileReference; lastKnownFileType = sourcecode.swift; path = RecordDetails.swift; sourceTree = "<group>"; };
		5A8F55272948CDB700E87D25 /* RecordList.swift */ = {isa = PBXFileReference; lastKnownFileType = sourcecode.swift; path = RecordList.swift; sourceTree = "<group>"; };
		5ABF47B52995243A00620518 /* ggml-tiny.multi.bin */ = {isa = PBXFileReference; lastKnownFileType = archive.macbinary; name = "ggml-tiny.multi.bin"; path = "../../../../../Downloads/ggml-tiny.multi.bin"; sourceTree = "<group>"; };
/* End PBXFileReference section */

/* Begin PBXFrameworksBuildPhase section */
		5A8F54EE2948CCDB00E87D25 /* Frameworks */ = {
			isa = PBXFrameworksBuildPhase;
			buildActionMask = 2147483647;
			files = (
				5A8F552B2948CEA800E87D25 /* Inject in Frameworks */,
				57B26A2929649A7F007A7B9B /* DequeModule in Frameworks */,
			);
			runOnlyForDeploymentPostprocessing = 0;
		};
		5A8F54FE2948CCDD00E87D25 /* Frameworks */ = {
			isa = PBXFrameworksBuildPhase;
			buildActionMask = 2147483647;
			files = (
			);
			runOnlyForDeploymentPostprocessing = 0;
		};
		5A8F55082948CCDD00E87D25 /* Frameworks */ = {
			isa = PBXFrameworksBuildPhase;
			buildActionMask = 2147483647;
			files = (
			);
			runOnlyForDeploymentPostprocessing = 0;
		};
/* End PBXFrameworksBuildPhase section */

/* Begin PBXGroup section */
		1331B465297D902400FEBE24 /* DeveloperViews */ = {
			isa = PBXGroup;
			children = (
				1331B466297D904C00FEBE24 /* StreamingRecognitionTest.swift */,
			);
			path = DeveloperViews;
			sourceTree = "<group>";
		};
		13516D9729603679005013C8 /* Mocks */ = {
			isa = PBXGroup;
			children = (
				13516D982960369D005013C8 /* RecognizedSpeechMock.swift */,
			);
			path = Mocks;
			sourceTree = "<group>";
		};
		136E051D2965F53500DEC112 /* SideMenuViews */ = {
			isa = PBXGroup;
			children = (
				136E051E2965F57F00DEC112 /* ModelLoadMenuItems.swift */,
				139ED46629672F840084DCEC /* LanguageSelectMenuItems.swift */,
				139ED46829674CC10084DCEC /* DeveloperMenuItems.swift */,
				132CA3022973FDA90015D310 /* RecognitionFrequencySecMenuItems.swift */,
			);
			path = SideMenuViews;
			sourceTree = "<group>";
		};
		13D1E492295CE4120070090B /* Libraries */ = {
			isa = PBXGroup;
			children = (
				13D1E493295CE4120070090B /* whisper-cpp */,
			);
			path = Libraries;
			sourceTree = "<group>";
		};
		13D1E493295CE4120070090B /* whisper-cpp */ = {
			isa = PBXGroup;
			children = (
				13D1E494295CE4120070090B /* whisper-ios-test-Bridging-Header.h */,
				13D1E495295CE4120070090B /* whisper.h */,
				13D1E496295CE4120070090B /* ggml.c */,
				13D1E497295CE4120070090B /* whisper.cpp */,
				13D1E498295CE4120070090B /* ggml.h */,
			);
			path = "whisper-cpp";
			sourceTree = "<group>";
		};
		13D1E4A3295CE4390070090B /* Recognizer */ = {
			isa = PBXGroup;
			children = (
				13D1E49B295CE4370070090B /* Recognizer.swift */,
				13D1E49C295CE4370070090B /* WhisperRecognizer.swift */,
			);
			path = Recognizer;
			sourceTree = "<group>";
		};
		13D1E4A4295CE4430070090B /* RecognizedSpeech */ = {
			isa = PBXGroup;
			children = (
				13D1E49E295CE4370070090B /* TranscriptionLine.swift */,
				13D1E49D295CE4370070090B /* RecognizedSpeech.swift */,
			);
			path = RecognizedSpeech;
			sourceTree = "<group>";
		};
		578352F629890C8700081CF8 /* RecordDetail */ = {
			isa = PBXGroup;
			children = (
				57D4CB182981BF2D00D0D598 /* RecognitionPlayer.swift */,
				578352F729890CF400081CF8 /* ToolBar.swift */,
				5A8F55232948CD5000E87D25 /* RecordDetails.swift */,
				57D4CB1A2981C39900D0D598 /* TranscriptionLines.swift */,
				578352F4298676D600081CF8 /* EditingAudioPlayer.swift */,
				572D375F296AA30E0096DEEE /* ShareButton.swift */,
				57B26A2A2965743F007A7B9B /* AudioPlayer.swift */,
			);
			path = RecordDetail;
			sourceTree = "<group>";
		};
		57C7229E295C959A009C8A20 /* Views */ = {
			isa = PBXGroup;
			children = (
				1331B465297D902400FEBE24 /* DeveloperViews */,
				136E051D2965F53500DEC112 /* SideMenuViews */,
				13D1E490295CE40C0070090B /* DeveloperMainView.swift */,
				578352F629890C8700081CF8 /* RecordDetail */,
				5A8F55272948CDB700E87D25 /* RecordList.swift */,
				57C7229F295C979B009C8A20 /* HomeView.swift */,
				57C722A1295C97F5009C8A20 /* RecordButtonPane.swift */,
				13516D9C2961A900005013C8 /* SideMenu.swift */,
				5766628B296047B100C27512 /* RecognitionPane.swift */,
				5709E5042960BDFC00352CF3 /* Waveform.swift */,
				57B26A21296317A3007A7B9B /* StopButtonPane.swift */,
				57B26A252963FFC7007A7B9B /* ConfirmPane.swift */,
				57CF69D32967019B00DF0E3F /* LazyView.swift */,
				57CF69D52968897800DF0E3F /* Constant.swift */,
			);
			path = Views;
			sourceTree = "<group>";
		};
		57EAB6C32961E1E400BB59BE /* CoreDataModels */ = {
			isa = PBXGroup;
			children = (
				57EAB6EA296214D300BB59BE /* TranscriptionLineData+CoreDataProperties.swift */,
				57EAB6EB296214D300BB59BE /* RecognizedSpeechData+CoreDataProperties.swift */,
				57EAB6DC2961F58700BB59BE /* RecognizedSpeechData+CoreDataClass.swift */,
				57EAB6DE2961F58700BB59BE /* TranscriptionLineData+CoreDataClass.swift */,
			);
			path = CoreDataModels;
			sourceTree = "<group>";
		};
		57EAB6E52962028C00BB59BE /* Repository */ = {
			isa = PBXGroup;
			children = (
				5A2517962989800C001ED13F /* FileDownloader.swift */,
				5A0DE9C9298695910071EE82 /* WhisperModelRepository.swift */,
				57EAB6C32961E1E400BB59BE /* CoreDataModels */,
				57EAB6E62962041000BB59BE /* CoreDataRepository.swift */,
				57EAB6E8296207C600BB59BE /* RecognizedSpeechRepository.swift */,
			);
			path = Repository;
			sourceTree = "<group>";
		};
		5A8F54E82948CCDB00E87D25 = {
			isa = PBXGroup;
			children = (
				5A8F54F32948CCDB00E87D25 /* whisper-ios */,
				5A8F55042948CCDD00E87D25 /* whisper-iosTests */,
				5A8F550E2948CCDD00E87D25 /* whisper-iosUITests */,
				5A8F54F22948CCDB00E87D25 /* Products */,
				387B6489C08FCF766F9D934F /* README.md */,
				5ABF47B42995238A00620518 /* Recovered References */,
			);
			sourceTree = "<group>";
		};
		5A8F54F22948CCDB00E87D25 /* Products */ = {
			isa = PBXGroup;
			children = (
				5A8F54F12948CCDB00E87D25 /* whisper-ios.app */,
				5A8F55012948CCDD00E87D25 /* whisper-iosTests.xctest */,
				5A8F550B2948CCDD00E87D25 /* whisper-iosUITests.xctest */,
			);
			name = Products;
			sourceTree = "<group>";
		};
		5A8F54F32948CCDB00E87D25 /* whisper-ios */ = {
			isa = PBXGroup;
			children = (
				57835301299047B500081CF8 /* Info.plist */,
				57EAB6E52962028C00BB59BE /* Repository */,
				13516D9729603679005013C8 /* Mocks */,
				5766628A29603BBF00C27512 /* Info.plist */,
				13D1E492295CE4120070090B /* Libraries */,
				57C7229E295C959A009C8A20 /* Views */,
				5A8F552C2948CEBD00E87D25 /* Resources */,
				5A8F551E2948CD0500E87D25 /* Models */,
				5A8F54F42948CCDB00E87D25 /* whisper_iosApp.swift */,
				5A8F54F82948CCDD00E87D25 /* Assets.xcassets */,
				5A8F54FA2948CCDD00E87D25 /* Preview Content */,
				574609C52961A08300D9DE06 /* Model.xcdatamodeld */,
				57B26A2C2965E04D007A7B9B /* utils.swift */,
			);
			path = "whisper-ios";
			sourceTree = "<group>";
		};
		5A8F54FA2948CCDD00E87D25 /* Preview Content */ = {
			isa = PBXGroup;
			children = (
				5A8F54FB2948CCDD00E87D25 /* Preview Assets.xcassets */,
			);
			path = "Preview Content";
			sourceTree = "<group>";
		};
		5A8F55042948CCDD00E87D25 /* whisper-iosTests */ = {
			isa = PBXGroup;
			children = (
				5A8F55052948CCDD00E87D25 /* whisper_iosTests.swift */,
			);
			path = "whisper-iosTests";
			sourceTree = "<group>";
		};
		5A8F550E2948CCDD00E87D25 /* whisper-iosUITests */ = {
			isa = PBXGroup;
			children = (
				5A8F550F2948CCDD00E87D25 /* whisper_iosUITests.swift */,
				5A8F55112948CCDD00E87D25 /* whisper_iosUITestsLaunchTests.swift */,
			);
			path = "whisper-iosUITests";
			sourceTree = "<group>";
		};
		5A8F551E2948CD0500E87D25 /* Models */ = {
			isa = PBXGroup;
			children = (
				5A0DE9C7298695100071EE82 /* WhisperModel.swift */,
				13D1E4A4295CE4430070090B /* RecognizedSpeech */,
				13D1E4A3295CE4390070090B /* Recognizer */,
				5A8F551F2948CD1F00E87D25 /* Data.swift */,
				5A8F55212948CD3900E87D25 /* Record.swift */,
			);
			path = Models;
			sourceTree = "<group>";
		};
		5A8F552C2948CEBD00E87D25 /* Resources */ = {
			isa = PBXGroup;
			children = (
				5ABF47B52995243A00620518 /* ggml-tiny.multi.bin */,
				1331B49B298439FF00FEBE24 /* StreamingRecognitionTest */,
				1331B48F29842E3F00FEBE24 /* ggml-tiny.en.bin */,
			);
			path = Resources;
			sourceTree = "<group>";
		};
		5ABF47B42995238A00620518 /* Recovered References */ = {
			isa = PBXGroup;
			children = (
				5A0DE9CF2986F2CE0071EE82 /* ggml-tiny.multi.bin */,
			);
			name = "Recovered References";
			sourceTree = "<group>";
		};
/* End PBXGroup section */

/* Begin PBXNativeTarget section */
		5A8F54F02948CCDB00E87D25 /* whisper-ios */ = {
			isa = PBXNativeTarget;
			buildConfigurationList = 5A8F55152948CCDD00E87D25 /* Build configuration list for PBXNativeTarget "whisper-ios" */;
			buildPhases = (
				5A8F54ED2948CCDB00E87D25 /* Sources */,
				5A8F54EE2948CCDB00E87D25 /* Frameworks */,
				5A8F54EF2948CCDB00E87D25 /* Resources */,
			);
			buildRules = (
			);
			dependencies = (
			);
			name = "whisper-ios";
			packageProductDependencies = (
				5A8F552A2948CEA800E87D25 /* Inject */,
				57B26A2829649A7F007A7B9B /* DequeModule */,
			);
			productName = "whisper-ios";
			productReference = 5A8F54F12948CCDB00E87D25 /* whisper-ios.app */;
			productType = "com.apple.product-type.application";
		};
		5A8F55002948CCDD00E87D25 /* whisper-iosTests */ = {
			isa = PBXNativeTarget;
			buildConfigurationList = 5A8F55182948CCDD00E87D25 /* Build configuration list for PBXNativeTarget "whisper-iosTests" */;
			buildPhases = (
				5A8F54FD2948CCDD00E87D25 /* Sources */,
				5A8F54FE2948CCDD00E87D25 /* Frameworks */,
				5A8F54FF2948CCDD00E87D25 /* Resources */,
			);
			buildRules = (
			);
			dependencies = (
				5A8F55032948CCDD00E87D25 /* PBXTargetDependency */,
			);
			name = "whisper-iosTests";
			productName = "whisper-iosTests";
			productReference = 5A8F55012948CCDD00E87D25 /* whisper-iosTests.xctest */;
			productType = "com.apple.product-type.bundle.unit-test";
		};
		5A8F550A2948CCDD00E87D25 /* whisper-iosUITests */ = {
			isa = PBXNativeTarget;
			buildConfigurationList = 5A8F551B2948CCDD00E87D25 /* Build configuration list for PBXNativeTarget "whisper-iosUITests" */;
			buildPhases = (
				5A8F55072948CCDD00E87D25 /* Sources */,
				5A8F55082948CCDD00E87D25 /* Frameworks */,
				5A8F55092948CCDD00E87D25 /* Resources */,
			);
			buildRules = (
			);
			dependencies = (
				5A8F550D2948CCDD00E87D25 /* PBXTargetDependency */,
			);
			name = "whisper-iosUITests";
			productName = "whisper-iosUITests";
			productReference = 5A8F550B2948CCDD00E87D25 /* whisper-iosUITests.xctest */;
			productType = "com.apple.product-type.bundle.ui-testing";
		};
/* End PBXNativeTarget section */

/* Begin PBXProject section */
		5A8F54E92948CCDB00E87D25 /* Project object */ = {
			isa = PBXProject;
			attributes = {
				BuildIndependentTargetsInParallel = 1;
				LastSwiftUpdateCheck = 1410;
				LastUpgradeCheck = 1410;
				ORGANIZATIONNAME = jp.openly;
				TargetAttributes = {
					5A8F54F02948CCDB00E87D25 = {
						CreatedOnToolsVersion = 14.1;
					};
					5A8F55002948CCDD00E87D25 = {
						CreatedOnToolsVersion = 14.1;
						TestTargetID = 5A8F54F02948CCDB00E87D25;
					};
					5A8F550A2948CCDD00E87D25 = {
						CreatedOnToolsVersion = 14.1;
						TestTargetID = 5A8F54F02948CCDB00E87D25;
					};
				};
			};
			buildConfigurationList = 5A8F54EC2948CCDB00E87D25 /* Build configuration list for PBXProject "whisper-ios" */;
			compatibilityVersion = "Xcode 14.0";
			developmentRegion = en;
			hasScannedForEncodings = 0;
			knownRegions = (
				en,
				Base,
			);
			mainGroup = 5A8F54E82948CCDB00E87D25;
			packageReferences = (
				5A8F55292948CEA800E87D25 /* XCRemoteSwiftPackageReference "Inject" */,
				57B26A2729649A7E007A7B9B /* XCRemoteSwiftPackageReference "swift-collections" */,
			);
			productRefGroup = 5A8F54F22948CCDB00E87D25 /* Products */;
			projectDirPath = "";
			projectRoot = "";
			targets = (
				5A8F54F02948CCDB00E87D25 /* whisper-ios */,
				5A8F55002948CCDD00E87D25 /* whisper-iosTests */,
				5A8F550A2948CCDD00E87D25 /* whisper-iosUITests */,
			);
		};
/* End PBXProject section */

/* Begin PBXResourcesBuildPhase section */
		5A8F54EF2948CCDB00E87D25 /* Resources */ = {
			isa = PBXResourcesBuildPhase;
			buildActionMask = 2147483647;
			files = (
				1331B49C298439FF00FEBE24 /* StreamingRecognitionTest in Resources */,
				1331B49029842E3F00FEBE24 /* ggml-tiny.en.bin in Resources */,
				5A8F54FC2948CCDD00E87D25 /* Preview Assets.xcassets in Resources */,
				5A8F54F92948CCDD00E87D25 /* Assets.xcassets in Resources */,
				5ABF47B62995243A00620518 /* ggml-tiny.multi.bin in Resources */,
			);
			runOnlyForDeploymentPostprocessing = 0;
		};
		5A8F54FF2948CCDD00E87D25 /* Resources */ = {
			isa = PBXResourcesBuildPhase;
			buildActionMask = 2147483647;
			files = (
			);
			runOnlyForDeploymentPostprocessing = 0;
		};
		5A8F55092948CCDD00E87D25 /* Resources */ = {
			isa = PBXResourcesBuildPhase;
			buildActionMask = 2147483647;
			files = (
			);
			runOnlyForDeploymentPostprocessing = 0;
		};
/* End PBXResourcesBuildPhase section */

/* Begin PBXSourcesBuildPhase section */
		5A8F54ED2948CCDB00E87D25 /* Sources */ = {
			isa = PBXSourcesBuildPhase;
			buildActionMask = 2147483647;
			files = (
				13D1E499295CE4130070090B /* ggml.c in Sources */,
				136E051F2965F57F00DEC112 /* ModelLoadMenuItems.swift in Sources */,
				5709E5052960BDFC00352CF3 /* Waveform.swift in Sources */,
				5A8F55242948CD5000E87D25 /* RecordDetails.swift in Sources */,
				57EAB6E02961F58700BB59BE /* RecognizedSpeechData+CoreDataClass.swift in Sources */,
				5A8F55202948CD1F00E87D25 /* Data.swift in Sources */,
				578352F5298676D600081CF8 /* EditingAudioPlayer.swift in Sources */,
				57EAB6E72962041000BB59BE /* CoreDataRepository.swift in Sources */,
				57B26A262963FFC7007A7B9B /* ConfirmPane.swift in Sources */,
				13516D992960369D005013C8 /* RecognizedSpeechMock.swift in Sources */,
				57EAB6ED296214D300BB59BE /* RecognizedSpeechData+CoreDataProperties.swift in Sources */,
				57D4CB192981BF2D00D0D598 /* RecognitionPlayer.swift in Sources */,
				5A0DE9CA298695910071EE82 /* WhisperModelRepository.swift in Sources */,
				13D1E49F295CE4370070090B /* Recognizer.swift in Sources */,
				574609C72961A08300D9DE06 /* Model.xcdatamodeld in Sources */,
				139ED46729672F840084DCEC /* LanguageSelectMenuItems.swift in Sources */,
				5A2517972989800C001ED13F /* FileDownloader.swift in Sources */,
				13D1E4A2295CE4370070090B /* TranscriptionLine.swift in Sources */,
				57B26A22296317A3007A7B9B /* StopButtonPane.swift in Sources */,
				5766628C296047B100C27512 /* RecognitionPane.swift in Sources */,
				13D1E491295CE40C0070090B /* DeveloperMainView.swift in Sources */,
				57D4CB1B2981C39900D0D598 /* TranscriptionLines.swift in Sources */,
				57B26A2D2965E04D007A7B9B /* utils.swift in Sources */,
				139ED46929674CC10084DCEC /* DeveloperMenuItems.swift in Sources */,
				57CF69D42967019C00DF0E3F /* LazyView.swift in Sources */,
				13D1E49A295CE4130070090B /* whisper.cpp in Sources */,
				13516D9D2961A900005013C8 /* SideMenu.swift in Sources */,
				57EAB6E9296207C600BB59BE /* RecognizedSpeechRepository.swift in Sources */,
				57EAB6EC296214D300BB59BE /* TranscriptionLineData+CoreDataProperties.swift in Sources */,
				57EAB6E22961F58700BB59BE /* TranscriptionLineData+CoreDataClass.swift in Sources */,
				57C722A2295C97F5009C8A20 /* RecordButtonPane.swift in Sources */,
				5A0DE9C8298695100071EE82 /* WhisperModel.swift in Sources */,
				5A8F55222948CD3900E87D25 /* Record.swift in Sources */,
				572D3760296AA30E0096DEEE /* ShareButton.swift in Sources */,
				5A8F54F52948CCDB00E87D25 /* whisper_iosApp.swift in Sources */,
				57B26A2B2965743F007A7B9B /* AudioPlayer.swift in Sources */,
				5A8F55282948CDB700E87D25 /* RecordList.swift in Sources */,
				1331B467297D904C00FEBE24 /* StreamingRecognitionTest.swift in Sources */,
				57CF69D62968897800DF0E3F /* Constant.swift in Sources */,
				132CA3032973FDAA0015D310 /* RecognitionFrequencySecMenuItems.swift in Sources */,
				57C722A0295C979B009C8A20 /* HomeView.swift in Sources */,
				13D1E4A1295CE4370070090B /* RecognizedSpeech.swift in Sources */,
				578352F829890CF400081CF8 /* ToolBar.swift in Sources */,
				387B6FCE0F7C83F953692C3A /* README.md in Sources */,
				13D1E4A0295CE4370070090B /* WhisperRecognizer.swift in Sources */,
			);
			runOnlyForDeploymentPostprocessing = 0;
		};
		5A8F54FD2948CCDD00E87D25 /* Sources */ = {
			isa = PBXSourcesBuildPhase;
			buildActionMask = 2147483647;
			files = (
				5A8F55062948CCDD00E87D25 /* whisper_iosTests.swift in Sources */,
			);
			runOnlyForDeploymentPostprocessing = 0;
		};
		5A8F55072948CCDD00E87D25 /* Sources */ = {
			isa = PBXSourcesBuildPhase;
			buildActionMask = 2147483647;
			files = (
				5A8F55102948CCDD00E87D25 /* whisper_iosUITests.swift in Sources */,
				5A8F55122948CCDD00E87D25 /* whisper_iosUITestsLaunchTests.swift in Sources */,
			);
			runOnlyForDeploymentPostprocessing = 0;
		};
/* End PBXSourcesBuildPhase section */

/* Begin PBXTargetDependency section */
		5A8F55032948CCDD00E87D25 /* PBXTargetDependency */ = {
			isa = PBXTargetDependency;
			target = 5A8F54F02948CCDB00E87D25 /* whisper-ios */;
			targetProxy = 5A8F55022948CCDD00E87D25 /* PBXContainerItemProxy */;
		};
		5A8F550D2948CCDD00E87D25 /* PBXTargetDependency */ = {
			isa = PBXTargetDependency;
			target = 5A8F54F02948CCDB00E87D25 /* whisper-ios */;
			targetProxy = 5A8F550C2948CCDD00E87D25 /* PBXContainerItemProxy */;
		};
/* End PBXTargetDependency section */

/* Begin XCBuildConfiguration section */
		5A8F55132948CCDD00E87D25 /* Debug */ = {
			isa = XCBuildConfiguration;
			buildSettings = {
				ALWAYS_SEARCH_USER_PATHS = NO;
				CLANG_ANALYZER_NONNULL = YES;
				CLANG_ANALYZER_NUMBER_OBJECT_CONVERSION = YES_AGGRESSIVE;
				CLANG_CXX_LANGUAGE_STANDARD = "gnu++20";
				CLANG_ENABLE_MODULES = YES;
				CLANG_ENABLE_OBJC_ARC = YES;
				CLANG_ENABLE_OBJC_WEAK = YES;
				CLANG_WARN_BLOCK_CAPTURE_AUTORELEASING = YES;
				CLANG_WARN_BOOL_CONVERSION = YES;
				CLANG_WARN_COMMA = YES;
				CLANG_WARN_CONSTANT_CONVERSION = YES;
				CLANG_WARN_DEPRECATED_OBJC_IMPLEMENTATIONS = YES;
				CLANG_WARN_DIRECT_OBJC_ISA_USAGE = YES_ERROR;
				CLANG_WARN_DOCUMENTATION_COMMENTS = YES;
				CLANG_WARN_EMPTY_BODY = YES;
				CLANG_WARN_ENUM_CONVERSION = YES;
				CLANG_WARN_INFINITE_RECURSION = YES;
				CLANG_WARN_INT_CONVERSION = YES;
				CLANG_WARN_NON_LITERAL_NULL_CONVERSION = YES;
				CLANG_WARN_OBJC_IMPLICIT_RETAIN_SELF = YES;
				CLANG_WARN_OBJC_LITERAL_CONVERSION = YES;
				CLANG_WARN_OBJC_ROOT_CLASS = YES_ERROR;
				CLANG_WARN_QUOTED_INCLUDE_IN_FRAMEWORK_HEADER = YES;
				CLANG_WARN_RANGE_LOOP_ANALYSIS = YES;
				CLANG_WARN_STRICT_PROTOTYPES = YES;
				CLANG_WARN_SUSPICIOUS_MOVE = YES;
				CLANG_WARN_UNGUARDED_AVAILABILITY = YES_AGGRESSIVE;
				CLANG_WARN_UNREACHABLE_CODE = YES;
				CLANG_WARN__DUPLICATE_METHOD_MATCH = YES;
				COPY_PHASE_STRIP = NO;
				DEBUG_INFORMATION_FORMAT = dwarf;
				ENABLE_STRICT_OBJC_MSGSEND = YES;
				ENABLE_TESTABILITY = YES;
				GCC_C_LANGUAGE_STANDARD = gnu11;
				GCC_DYNAMIC_NO_PIC = NO;
				GCC_NO_COMMON_BLOCKS = YES;
				GCC_OPTIMIZATION_LEVEL = 0;
				GCC_PREPROCESSOR_DEFINITIONS = (
					"DEBUG=1",
					"$(inherited)",
				);
				GCC_WARN_64_TO_32_BIT_CONVERSION = YES;
				GCC_WARN_ABOUT_RETURN_TYPE = YES_ERROR;
				GCC_WARN_UNDECLARED_SELECTOR = YES;
				GCC_WARN_UNINITIALIZED_AUTOS = YES_AGGRESSIVE;
				GCC_WARN_UNUSED_FUNCTION = YES;
				GCC_WARN_UNUSED_VARIABLE = YES;
				IPHONEOS_DEPLOYMENT_TARGET = 15.0;
				MTL_ENABLE_DEBUG_INFO = INCLUDE_SOURCE;
				MTL_FAST_MATH = YES;
				ONLY_ACTIVE_ARCH = YES;
				OTHER_LDFLAGS = "\"-Xlinker -interposable\"";
				SDKROOT = iphoneos;
				SWIFT_ACTIVE_COMPILATION_CONDITIONS = DEBUG;
				SWIFT_OPTIMIZATION_LEVEL = "-Onone";
			};
			name = Debug;
		};
		5A8F55142948CCDD00E87D25 /* Release */ = {
			isa = XCBuildConfiguration;
			buildSettings = {
				ALWAYS_SEARCH_USER_PATHS = NO;
				CLANG_ANALYZER_NONNULL = YES;
				CLANG_ANALYZER_NUMBER_OBJECT_CONVERSION = YES_AGGRESSIVE;
				CLANG_CXX_LANGUAGE_STANDARD = "gnu++20";
				CLANG_ENABLE_MODULES = YES;
				CLANG_ENABLE_OBJC_ARC = YES;
				CLANG_ENABLE_OBJC_WEAK = YES;
				CLANG_WARN_BLOCK_CAPTURE_AUTORELEASING = YES;
				CLANG_WARN_BOOL_CONVERSION = YES;
				CLANG_WARN_COMMA = YES;
				CLANG_WARN_CONSTANT_CONVERSION = YES;
				CLANG_WARN_DEPRECATED_OBJC_IMPLEMENTATIONS = YES;
				CLANG_WARN_DIRECT_OBJC_ISA_USAGE = YES_ERROR;
				CLANG_WARN_DOCUMENTATION_COMMENTS = YES;
				CLANG_WARN_EMPTY_BODY = YES;
				CLANG_WARN_ENUM_CONVERSION = YES;
				CLANG_WARN_INFINITE_RECURSION = YES;
				CLANG_WARN_INT_CONVERSION = YES;
				CLANG_WARN_NON_LITERAL_NULL_CONVERSION = YES;
				CLANG_WARN_OBJC_IMPLICIT_RETAIN_SELF = YES;
				CLANG_WARN_OBJC_LITERAL_CONVERSION = YES;
				CLANG_WARN_OBJC_ROOT_CLASS = YES_ERROR;
				CLANG_WARN_QUOTED_INCLUDE_IN_FRAMEWORK_HEADER = YES;
				CLANG_WARN_RANGE_LOOP_ANALYSIS = YES;
				CLANG_WARN_STRICT_PROTOTYPES = YES;
				CLANG_WARN_SUSPICIOUS_MOVE = YES;
				CLANG_WARN_UNGUARDED_AVAILABILITY = YES_AGGRESSIVE;
				CLANG_WARN_UNREACHABLE_CODE = YES;
				CLANG_WARN__DUPLICATE_METHOD_MATCH = YES;
				COPY_PHASE_STRIP = NO;
				DEBUG_INFORMATION_FORMAT = "dwarf-with-dsym";
				ENABLE_NS_ASSERTIONS = NO;
				ENABLE_STRICT_OBJC_MSGSEND = YES;
				GCC_C_LANGUAGE_STANDARD = gnu11;
				GCC_NO_COMMON_BLOCKS = YES;
				GCC_WARN_64_TO_32_BIT_CONVERSION = YES;
				GCC_WARN_ABOUT_RETURN_TYPE = YES_ERROR;
				GCC_WARN_UNDECLARED_SELECTOR = YES;
				GCC_WARN_UNINITIALIZED_AUTOS = YES_AGGRESSIVE;
				GCC_WARN_UNUSED_FUNCTION = YES;
				GCC_WARN_UNUSED_VARIABLE = YES;
				IPHONEOS_DEPLOYMENT_TARGET = 15.0;
				MTL_ENABLE_DEBUG_INFO = NO;
				MTL_FAST_MATH = YES;
				OTHER_LDFLAGS = "\"-Xlinker -interposable\"";
				SDKROOT = iphoneos;
				SWIFT_COMPILATION_MODE = wholemodule;
				SWIFT_OPTIMIZATION_LEVEL = "-O";
				VALIDATE_PRODUCT = YES;
			};
			name = Release;
		};
		5A8F55162948CCDD00E87D25 /* Debug */ = {
			isa = XCBuildConfiguration;
			buildSettings = {
				ASSETCATALOG_COMPILER_APPICON_NAME = AppIcon;
				ASSETCATALOG_COMPILER_GLOBAL_ACCENT_COLOR_NAME = AccentColor;
				CODE_SIGN_STYLE = Automatic;
				CURRENT_PROJECT_VERSION = 1;
				DEVELOPMENT_ASSET_PATHS = "\"whisper-ios/Preview Content\"";
				DEVELOPMENT_TEAM = SD388AQ78A;
				ENABLE_PREVIEWS = YES;
				GENERATE_INFOPLIST_FILE = YES;
				INFOPLIST_FILE = "whisper-ios/Info.plist";
				INFOPLIST_KEY_NSMicrophoneUsageDescription = "音声の録音にマイクを使用します。許可お願いします。";
				INFOPLIST_KEY_UIApplicationSceneManifest_Generation = YES;
				INFOPLIST_KEY_UIApplicationSupportsIndirectInputEvents = YES;
				INFOPLIST_KEY_UILaunchScreen_Generation = YES;
				INFOPLIST_KEY_UISupportedInterfaceOrientations_iPad = "UIInterfaceOrientationPortrait UIInterfaceOrientationPortraitUpsideDown UIInterfaceOrientationLandscapeLeft UIInterfaceOrientationLandscapeRight";
				INFOPLIST_KEY_UISupportedInterfaceOrientations_iPhone = "UIInterfaceOrientationPortrait UIInterfaceOrientationLandscapeLeft UIInterfaceOrientationLandscapeRight";
				LD_RUNPATH_SEARCH_PATHS = (
					"$(inherited)",
					"@executable_path/Frameworks",
				);
				MARKETING_VERSION = 1.0;
				PRODUCT_BUNDLE_IDENTIFIER = jp.openly.voiscribe;
				PRODUCT_NAME = "$(TARGET_NAME)";
				SWIFT_EMIT_LOC_STRINGS = YES;
				SWIFT_OBJC_BRIDGING_HEADER = "$(PROJECT_DIR)/$(PROJECT_NAME)/Libraries/whisper-cpp/whisper-ios-test-Bridging-Header.h";
				SWIFT_VERSION = 5.0;
				TARGETED_DEVICE_FAMILY = "1,2";
			};
			name = Debug;
		};
		5A8F55172948CCDD00E87D25 /* Release */ = {
			isa = XCBuildConfiguration;
			buildSettings = {
				ASSETCATALOG_COMPILER_APPICON_NAME = AppIcon;
				ASSETCATALOG_COMPILER_GLOBAL_ACCENT_COLOR_NAME = AccentColor;
				CODE_SIGN_STYLE = Automatic;
				CURRENT_PROJECT_VERSION = 1;
				DEVELOPMENT_ASSET_PATHS = "\"whisper-ios/Preview Content\"";
				DEVELOPMENT_TEAM = SD388AQ78A;
				ENABLE_PREVIEWS = YES;
				GENERATE_INFOPLIST_FILE = YES;
				INFOPLIST_FILE = "whisper-ios/Info.plist";
				INFOPLIST_KEY_NSMicrophoneUsageDescription = "音声の録音にマイクを使用します。許可お願いします。";
				INFOPLIST_KEY_UIApplicationSceneManifest_Generation = YES;
				INFOPLIST_KEY_UIApplicationSupportsIndirectInputEvents = YES;
				INFOPLIST_KEY_UILaunchScreen_Generation = YES;
				INFOPLIST_KEY_UISupportedInterfaceOrientations_iPad = "UIInterfaceOrientationPortrait UIInterfaceOrientationPortraitUpsideDown UIInterfaceOrientationLandscapeLeft UIInterfaceOrientationLandscapeRight";
				INFOPLIST_KEY_UISupportedInterfaceOrientations_iPhone = "UIInterfaceOrientationPortrait UIInterfaceOrientationLandscapeLeft UIInterfaceOrientationLandscapeRight";
				LD_RUNPATH_SEARCH_PATHS = (
					"$(inherited)",
					"@executable_path/Frameworks",
				);
				MARKETING_VERSION = 1.0;
				PRODUCT_BUNDLE_IDENTIFIER = jp.openly.voiscribe;
				PRODUCT_NAME = "$(TARGET_NAME)";
				SWIFT_EMIT_LOC_STRINGS = YES;
				SWIFT_OBJC_BRIDGING_HEADER = "$(PROJECT_DIR)/$(PROJECT_NAME)/Libraries/whisper-cpp/whisper-ios-test-Bridging-Header.h";
				SWIFT_VERSION = 5.0;
				TARGETED_DEVICE_FAMILY = "1,2";
			};
			name = Release;
		};
		5A8F55192948CCDD00E87D25 /* Debug */ = {
			isa = XCBuildConfiguration;
			buildSettings = {
				ALWAYS_EMBED_SWIFT_STANDARD_LIBRARIES = YES;
				BUNDLE_LOADER = "$(TEST_HOST)";
				CODE_SIGN_STYLE = Automatic;
				CURRENT_PROJECT_VERSION = 1;
				GENERATE_INFOPLIST_FILE = YES;
				IPHONEOS_DEPLOYMENT_TARGET = 16.1;
				MARKETING_VERSION = 1.0;
				PRODUCT_BUNDLE_IDENTIFIER = "jp.openly.whisper-iosTests";
				PRODUCT_NAME = "$(TARGET_NAME)";
				SWIFT_EMIT_LOC_STRINGS = NO;
				SWIFT_VERSION = 5.0;
				TARGETED_DEVICE_FAMILY = "1,2";
				TEST_HOST = "$(BUILT_PRODUCTS_DIR)/whisper-ios.app/$(BUNDLE_EXECUTABLE_FOLDER_PATH)/whisper-ios";
			};
			name = Debug;
		};
		5A8F551A2948CCDD00E87D25 /* Release */ = {
			isa = XCBuildConfiguration;
			buildSettings = {
				ALWAYS_EMBED_SWIFT_STANDARD_LIBRARIES = YES;
				BUNDLE_LOADER = "$(TEST_HOST)";
				CODE_SIGN_STYLE = Automatic;
				CURRENT_PROJECT_VERSION = 1;
				GENERATE_INFOPLIST_FILE = YES;
				IPHONEOS_DEPLOYMENT_TARGET = 16.1;
				MARKETING_VERSION = 1.0;
				PRODUCT_BUNDLE_IDENTIFIER = "jp.openly.whisper-iosTests";
				PRODUCT_NAME = "$(TARGET_NAME)";
				SWIFT_EMIT_LOC_STRINGS = NO;
				SWIFT_VERSION = 5.0;
				TARGETED_DEVICE_FAMILY = "1,2";
				TEST_HOST = "$(BUILT_PRODUCTS_DIR)/whisper-ios.app/$(BUNDLE_EXECUTABLE_FOLDER_PATH)/whisper-ios";
			};
			name = Release;
		};
		5A8F551C2948CCDD00E87D25 /* Debug */ = {
			isa = XCBuildConfiguration;
			buildSettings = {
				ALWAYS_EMBED_SWIFT_STANDARD_LIBRARIES = YES;
				CODE_SIGN_STYLE = Automatic;
				CURRENT_PROJECT_VERSION = 1;
				GENERATE_INFOPLIST_FILE = YES;
				MARKETING_VERSION = 1.0;
				PRODUCT_BUNDLE_IDENTIFIER = "jp.openly.whisper-iosUITests";
				PRODUCT_NAME = "$(TARGET_NAME)";
				SWIFT_EMIT_LOC_STRINGS = NO;
				SWIFT_VERSION = 5.0;
				TARGETED_DEVICE_FAMILY = "1,2";
				TEST_TARGET_NAME = "whisper-ios";
			};
			name = Debug;
		};
		5A8F551D2948CCDD00E87D25 /* Release */ = {
			isa = XCBuildConfiguration;
			buildSettings = {
				ALWAYS_EMBED_SWIFT_STANDARD_LIBRARIES = YES;
				CODE_SIGN_STYLE = Automatic;
				CURRENT_PROJECT_VERSION = 1;
				GENERATE_INFOPLIST_FILE = YES;
				MARKETING_VERSION = 1.0;
				PRODUCT_BUNDLE_IDENTIFIER = "jp.openly.whisper-iosUITests";
				PRODUCT_NAME = "$(TARGET_NAME)";
				SWIFT_EMIT_LOC_STRINGS = NO;
				SWIFT_VERSION = 5.0;
				TARGETED_DEVICE_FAMILY = "1,2";
				TEST_TARGET_NAME = "whisper-ios";
			};
			name = Release;
		};
/* End XCBuildConfiguration section */

/* Begin XCConfigurationList section */
		5A8F54EC2948CCDB00E87D25 /* Build configuration list for PBXProject "whisper-ios" */ = {
			isa = XCConfigurationList;
			buildConfigurations = (
				5A8F55132948CCDD00E87D25 /* Debug */,
				5A8F55142948CCDD00E87D25 /* Release */,
			);
			defaultConfigurationIsVisible = 0;
			defaultConfigurationName = Release;
		};
		5A8F55152948CCDD00E87D25 /* Build configuration list for PBXNativeTarget "whisper-ios" */ = {
			isa = XCConfigurationList;
			buildConfigurations = (
				5A8F55162948CCDD00E87D25 /* Debug */,
				5A8F55172948CCDD00E87D25 /* Release */,
			);
			defaultConfigurationIsVisible = 0;
			defaultConfigurationName = Release;
		};
		5A8F55182948CCDD00E87D25 /* Build configuration list for PBXNativeTarget "whisper-iosTests" */ = {
			isa = XCConfigurationList;
			buildConfigurations = (
				5A8F55192948CCDD00E87D25 /* Debug */,
				5A8F551A2948CCDD00E87D25 /* Release */,
			);
			defaultConfigurationIsVisible = 0;
			defaultConfigurationName = Release;
		};
		5A8F551B2948CCDD00E87D25 /* Build configuration list for PBXNativeTarget "whisper-iosUITests" */ = {
			isa = XCConfigurationList;
			buildConfigurations = (
				5A8F551C2948CCDD00E87D25 /* Debug */,
				5A8F551D2948CCDD00E87D25 /* Release */,
			);
			defaultConfigurationIsVisible = 0;
			defaultConfigurationName = Release;
		};
/* End XCConfigurationList section */

/* Begin XCRemoteSwiftPackageReference section */
		57B26A2729649A7E007A7B9B /* XCRemoteSwiftPackageReference "swift-collections" */ = {
			isa = XCRemoteSwiftPackageReference;
			repositoryURL = "https://github.com/apple/swift-collections.git";
			requirement = {
				kind = upToNextMajorVersion;
				minimumVersion = 1.0.0;
			};
		};
		5A8F55292948CEA800E87D25 /* XCRemoteSwiftPackageReference "Inject" */ = {
			isa = XCRemoteSwiftPackageReference;
			repositoryURL = "https://github.com/krzysztofzablocki/Inject.git";
			requirement = {
				kind = upToNextMajorVersion;
				minimumVersion = 1.0.0;
			};
		};
/* End XCRemoteSwiftPackageReference section */

/* Begin XCSwiftPackageProductDependency section */
		57B26A2829649A7F007A7B9B /* DequeModule */ = {
			isa = XCSwiftPackageProductDependency;
			package = 57B26A2729649A7E007A7B9B /* XCRemoteSwiftPackageReference "swift-collections" */;
			productName = DequeModule;
		};
		5A8F552A2948CEA800E87D25 /* Inject */ = {
			isa = XCSwiftPackageProductDependency;
			package = 5A8F55292948CEA800E87D25 /* XCRemoteSwiftPackageReference "Inject" */;
			productName = Inject;
		};
/* End XCSwiftPackageProductDependency section */

/* Begin XCVersionGroup section */
		574609C52961A08300D9DE06 /* Model.xcdatamodeld */ = {
			isa = XCVersionGroup;
			children = (
				574609C62961A08300D9DE06 /* Model.xcdatamodel */,
			);
			currentVersion = 574609C62961A08300D9DE06 /* Model.xcdatamodel */;
			path = Model.xcdatamodeld;
			sourceTree = "<group>";
			versionGroupType = wrapper.xcdatamodel;
		};
/* End XCVersionGroup section */
	};
	rootObject = 5A8F54E92948CCDB00E87D25 /* Project object */;
}
