// !$*UTF8*$!
{
	archiveVersion = 1;
	classes = {
	};
	objectVersion = 56;
	objects = {

/* Begin PBXBuildFile section */
		5A8F54F52948CCDB00E87D25 /* whisper_iosApp.swift in Sources */ = {isa = PBXBuildFile; fileRef = 5A8F54F42948CCDB00E87D25 /* whisper_iosApp.swift */; };
		5A8F54F72948CCDB00E87D25 /* ContentView.swift in Sources */ = {isa = PBXBuildFile; fileRef = 5A8F54F62948CCDB00E87D25 /* ContentView.swift */; };
		5A8F54F92948CCDD00E87D25 /* Assets.xcassets in Resources */ = {isa = PBXBuildFile; fileRef = 5A8F54F82948CCDD00E87D25 /* Assets.xcassets */; };
		5A8F54FC2948CCDD00E87D25 /* Preview Assets.xcassets in Resources */ = {isa = PBXBuildFile; fileRef = 5A8F54FB2948CCDD00E87D25 /* Preview Assets.xcassets */; };
		5A8F55062948CCDD00E87D25 /* whisper_iosTests.swift in Sources */ = {isa = PBXBuildFile; fileRef = 5A8F55052948CCDD00E87D25 /* whisper_iosTests.swift */; };
		5A8F55102948CCDD00E87D25 /* whisper_iosUITests.swift in Sources */ = {isa = PBXBuildFile; fileRef = 5A8F550F2948CCDD00E87D25 /* whisper_iosUITests.swift */; };
		5A8F55122948CCDD00E87D25 /* whisper_iosUITestsLaunchTests.swift in Sources */ = {isa = PBXBuildFile; fileRef = 5A8F55112948CCDD00E87D25 /* whisper_iosUITestsLaunchTests.swift */; };
/* End PBXBuildFile section */

/* Begin PBXContainerItemProxy section */
		5A8F55022948CCDD00E87D25 /* PBXContainerItemProxy */ = {
			isa = PBXContainerItemProxy;
			containerPortal = 5A8F54E92948CCDB00E87D25 /* Project object */;
			proxyType = 1;
			remoteGlobalIDString = 5A8F54F02948CCDB00E87D25;
			remoteInfo = "whisper-ios";
		};
		5A8F550C2948CCDD00E87D25 /* PBXContainerItemProxy */ = {
			isa = PBXContainerItemProxy;
			containerPortal = 5A8F54E92948CCDB00E87D25 /* Project object */;
			proxyType = 1;
			remoteGlobalIDString = 5A8F54F02948CCDB00E87D25;
			remoteInfo = "whisper-ios";
		};
/* End PBXContainerItemProxy section */

/* Begin PBXFileReference section */
		5A8F54F12948CCDB00E87D25 /* whisper-ios.app */ = {isa = PBXFileReference; explicitFileType = wrapper.application; includeInIndex = 0; path = "whisper-ios.app"; sourceTree = BUILT_PRODUCTS_DIR; };
		5A8F54F42948CCDB00E87D25 /* whisper_iosApp.swift */ = {isa = PBXFileReference; lastKnownFileType = sourcecode.swift; path = whisper_iosApp.swift; sourceTree = "<group>"; };
		5A8F54F62948CCDB00E87D25 /* ContentView.swift */ = {isa = PBXFileReference; lastKnownFileType = sourcecode.swift; path = ContentView.swift; sourceTree = "<group>"; };
		5A8F54F82948CCDD00E87D25 /* Assets.xcassets */ = {isa = PBXFileReference; lastKnownFileType = folder.assetcatalog; path = Assets.xcassets; sourceTree = "<group>"; };
		5A8F54FB2948CCDD00E87D25 /* Preview Assets.xcassets */ = {isa = PBXFileReference; lastKnownFileType = folder.assetcatalog; path = "Preview Assets.xcassets"; sourceTree = "<group>"; };
		5A8F55012948CCDD00E87D25 /* whisper-iosTests.xctest */ = {isa = PBXFileReference; explicitFileType = wrapper.cfbundle; includeInIndex = 0; path = "whisper-iosTests.xctest"; sourceTree = BUILT_PRODUCTS_DIR; };
		5A8F55052948CCDD00E87D25 /* whisper_iosTests.swift */ = {isa = PBXFileReference; lastKnownFileType = sourcecode.swift; path = whisper_iosTests.swift; sourceTree = "<group>"; };
		5A8F550B2948CCDD00E87D25 /* whisper-iosUITests.xctest */ = {isa = PBXFileReference; explicitFileType = wrapper.cfbundle; includeInIndex = 0; path = "whisper-iosUITests.xctest"; sourceTree = BUILT_PRODUCTS_DIR; };
		5A8F550F2948CCDD00E87D25 /* whisper_iosUITests.swift */ = {isa = PBXFileReference; lastKnownFileType = sourcecode.swift; path = whisper_iosUITests.swift; sourceTree = "<group>"; };
		5A8F55112948CCDD00E87D25 /* whisper_iosUITestsLaunchTests.swift */ = {isa = PBXFileReference; lastKnownFileType = sourcecode.swift; path = whisper_iosUITestsLaunchTests.swift; sourceTree = "<group>"; };
/* End PBXFileReference section */

/* Begin PBXFrameworksBuildPhase section */
		5A8F54EE2948CCDB00E87D25 /* Frameworks */ = {
			isa = PBXFrameworksBuildPhase;
			buildActionMask = 2147483647;
			files = (
			);
			runOnlyForDeploymentPostprocessing = 0;
		};
		5A8F54FE2948CCDD00E87D25 /* Frameworks */ = {
			isa = PBXFrameworksBuildPhase;
			buildActionMask = 2147483647;
			files = (
			);
			runOnlyForDeploymentPostprocessing = 0;
		};
		5A8F55082948CCDD00E87D25 /* Frameworks */ = {
			isa = PBXFrameworksBuildPhase;
			buildActionMask = 2147483647;
			files = (
			);
			runOnlyForDeploymentPostprocessing = 0;
		};
/* End PBXFrameworksBuildPhase section */

/* Begin PBXGroup section */
		5A8F54E82948CCDB00E87D25 = {
			isa = PBXGroup;
			children = (
				5A8F54F32948CCDB00E87D25 /* whisper-ios */,
				5A8F55042948CCDD00E87D25 /* whisper-iosTests */,
				5A8F550E2948CCDD00E87D25 /* whisper-iosUITests */,
				5A8F54F22948CCDB00E87D25 /* Products */,
			);
			sourceTree = "<group>";
		};
		5A8F54F22948CCDB00E87D25 /* Products */ = {
			isa = PBXGroup;
			children = (
				5A8F54F12948CCDB00E87D25 /* whisper-ios.app */,
				5A8F55012948CCDD00E87D25 /* whisper-iosTests.xctest */,
				5A8F550B2948CCDD00E87D25 /* whisper-iosUITests.xctest */,
			);
			name = Products;
			sourceTree = "<group>";
		};
		5A8F54F32948CCDB00E87D25 /* whisper-ios */ = {
			isa = PBXGroup;
			children = (
				5A8F54F42948CCDB00E87D25 /* whisper_iosApp.swift */,
				5A8F54F62948CCDB00E87D25 /* ContentView.swift */,
				5A8F54F82948CCDD00E87D25 /* Assets.xcassets */,
				5A8F54FA2948CCDD00E87D25 /* Preview Content */,
			);
			path = "whisper-ios";
			sourceTree = "<group>";
		};
		5A8F54FA2948CCDD00E87D25 /* Preview Content */ = {
			isa = PBXGroup;
			children = (
				5A8F54FB2948CCDD00E87D25 /* Preview Assets.xcassets */,
			);
			path = "Preview Content";
			sourceTree = "<group>";
		};
		5A8F55042948CCDD00E87D25 /* whisper-iosTests */ = {
			isa = PBXGroup;
			children = (
				5A8F55052948CCDD00E87D25 /* whisper_iosTests.swift */,
			);
			path = "whisper-iosTests";
			sourceTree = "<group>";
		};
		5A8F550E2948CCDD00E87D25 /* whisper-iosUITests */ = {
			isa = PBXGroup;
			children = (
				5A8F550F2948CCDD00E87D25 /* whisper_iosUITests.swift */,
				5A8F55112948CCDD00E87D25 /* whisper_iosUITestsLaunchTests.swift */,
			);
			path = "whisper-iosUITests";
			sourceTree = "<group>";
		};
/* End PBXGroup section */

/* Begin PBXNativeTarget section */
		5A8F54F02948CCDB00E87D25 /* whisper-ios */ = {
			isa = PBXNativeTarget;
			buildConfigurationList = 5A8F55152948CCDD00E87D25 /* Build configuration list for PBXNativeTarget "whisper-ios" */;
			buildPhases = (
				5A8F54ED2948CCDB00E87D25 /* Sources */,
				5A8F54EE2948CCDB00E87D25 /* Frameworks */,
				5A8F54EF2948CCDB00E87D25 /* Resources */,
			);
			buildRules = (
			);
			dependencies = (
			);
			name = "whisper-ios";
			productName = "whisper-ios";
			productReference = 5A8F54F12948CCDB00E87D25 /* whisper-ios.app */;
			productType = "com.apple.product-type.application";
		};
		5A8F55002948CCDD00E87D25 /* whisper-iosTests */ = {
			isa = PBXNativeTarget;
			buildConfigurationList = 5A8F55182948CCDD00E87D25 /* Build configuration list for PBXNativeTarget "whisper-iosTests" */;
			buildPhases = (
				5A8F54FD2948CCDD00E87D25 /* Sources */,
				5A8F54FE2948CCDD00E87D25 /* Frameworks */,
				5A8F54FF2948CCDD00E87D25 /* Resources */,
			);
			buildRules = (
			);
			dependencies = (
				5A8F55032948CCDD00E87D25 /* PBXTargetDependency */,
			);
			name = "whisper-iosTests";
			productName = "whisper-iosTests";
			productReference = 5A8F55012948CCDD00E87D25 /* whisper-iosTests.xctest */;
			productType = "com.apple.product-type.bundle.unit-test";
		};
		5A8F550A2948CCDD00E87D25 /* whisper-iosUITests */ = {
			isa = PBXNativeTarget;
			buildConfigurationList = 5A8F551B2948CCDD00E87D25 /* Build configuration list for PBXNativeTarget "whisper-iosUITests" */;
			buildPhases = (
				5A8F55072948CCDD00E87D25 /* Sources */,
				5A8F55082948CCDD00E87D25 /* Frameworks */,
				5A8F55092948CCDD00E87D25 /* Resources */,
			);
			buildRules = (
			);
			dependencies = (
				5A8F550D2948CCDD00E87D25 /* PBXTargetDependency */,
			);
			name = "whisper-iosUITests";
			productName = "whisper-iosUITests";
			productReference = 5A8F550B2948CCDD00E87D25 /* whisper-iosUITests.xctest */;
			productType = "com.apple.product-type.bundle.ui-testing";
		};
/* End PBXNativeTarget section */

/* Begin PBXProject section */
		5A8F54E92948CCDB00E87D25 /* Project object */ = {
			isa = PBXProject;
			attributes = {
				BuildIndependentTargetsInParallel = 1;
				LastSwiftUpdateCheck = 1410;
				LastUpgradeCheck = 1410;
				TargetAttributes = {
					5A8F54F02948CCDB00E87D25 = {
						CreatedOnToolsVersion = 14.1;
					};
					5A8F55002948CCDD00E87D25 = {
						CreatedOnToolsVersion = 14.1;
						TestTargetID = 5A8F54F02948CCDB00E87D25;
					};
					5A8F550A2948CCDD00E87D25 = {
						CreatedOnToolsVersion = 14.1;
						TestTargetID = 5A8F54F02948CCDB00E87D25;
					};
				};
			};
			buildConfigurationList = 5A8F54EC2948CCDB00E87D25 /* Build configuration list for PBXProject "whisper-ios" */;
			compatibilityVersion = "Xcode 14.0";
			developmentRegion = en;
			hasScannedForEncodings = 0;
			knownRegions = (
				en,
				Base,
			);
			mainGroup = 5A8F54E82948CCDB00E87D25;
			productRefGroup = 5A8F54F22948CCDB00E87D25 /* Products */;
			projectDirPath = "";
			projectRoot = "";
			targets = (
				5A8F54F02948CCDB00E87D25 /* whisper-ios */,
				5A8F55002948CCDD00E87D25 /* whisper-iosTests */,
				5A8F550A2948CCDD00E87D25 /* whisper-iosUITests */,
			);
		};
/* End PBXProject section */

/* Begin PBXResourcesBuildPhase section */
		5A8F54EF2948CCDB00E87D25 /* Resources */ = {
			isa = PBXResourcesBuildPhase;
			buildActionMask = 2147483647;
			files = (
				5A8F54FC2948CCDD00E87D25 /* Preview Assets.xcassets in Resources */,
				5A8F54F92948CCDD00E87D25 /* Assets.xcassets in Resources */,
			);
			runOnlyForDeploymentPostprocessing = 0;
		};
		5A8F54FF2948CCDD00E87D25 /* Resources */ = {
			isa = PBXResourcesBuildPhase;
			buildActionMask = 2147483647;
			files = (
			);
			runOnlyForDeploymentPostprocessing = 0;
		};
		5A8F55092948CCDD00E87D25 /* Resources */ = {
			isa = PBXResourcesBuildPhase;
			buildActionMask = 2147483647;
			files = (
			);
			runOnlyForDeploymentPostprocessing = 0;
		};
/* End PBXResourcesBuildPhase section */

/* Begin PBXSourcesBuildPhase section */
		5A8F54ED2948CCDB00E87D25 /* Sources */ = {
			isa = PBXSourcesBuildPhase;
			buildActionMask = 2147483647;
			files = (
				5A8F54F72948CCDB00E87D25 /* ContentView.swift in Sources */,
				5A8F54F52948CCDB00E87D25 /* whisper_iosApp.swift in Sources */,
			);
			runOnlyForDeploymentPostprocessing = 0;
		};
		5A8F54FD2948CCDD00E87D25 /* Sources */ = {
			isa = PBXSourcesBuildPhase;
			buildActionMask = 2147483647;
			files = (
				5A8F55062948CCDD00E87D25 /* whisper_iosTests.swift in Sources */,
			);
			runOnlyForDeploymentPostprocessing = 0;
		};
		5A8F55072948CCDD00E87D25 /* Sources */ = {
			isa = PBXSourcesBuildPhase;
			buildActionMask = 2147483647;
			files = (
				5A8F55102948CCDD00E87D25 /* whisper_iosUITests.swift in Sources */,
				5A8F55122948CCDD00E87D25 /* whisper_iosUITestsLaunchTests.swift in Sources */,
			);
			runOnlyForDeploymentPostprocessing = 0;
		};
/* End PBXSourcesBuildPhase section */

/* Begin PBXTargetDependency section */
		5A8F55032948CCDD00E87D25 /* PBXTargetDependency */ = {
			isa = PBXTargetDependency;
			target = 5A8F54F02948CCDB00E87D25 /* whisper-ios */;
			targetProxy = 5A8F55022948CCDD00E87D25 /* PBXContainerItemProxy */;
		};
		5A8F550D2948CCDD00E87D25 /* PBXTargetDependency */ = {
			isa = PBXTargetDependency;
			target = 5A8F54F02948CCDB00E87D25 /* whisper-ios */;
			targetProxy = 5A8F550C2948CCDD00E87D25 /* PBXContainerItemProxy */;
		};
/* End PBXTargetDependency section */

/* Begin XCBuildConfiguration section */
		5A8F55132948CCDD00E87D25 /* Debug */ = {
			isa = XCBuildConfiguration;
			buildSettings = {
				ALWAYS_SEARCH_USER_PATHS = NO;
				CLANG_ANALYZER_NONNULL = YES;
				CLANG_ANALYZER_NUMBER_OBJECT_CONVERSION = YES_AGGRESSIVE;
				CLANG_CXX_LANGUAGE_STANDARD = "gnu++20";
				CLANG_ENABLE_MODULES = YES;
				CLANG_ENABLE_OBJC_ARC = YES;
				CLANG_ENABLE_OBJC_WEAK = YES;
				CLANG_WARN_BLOCK_CAPTURE_AUTORELEASING = YES;
				CLANG_WARN_BOOL_CONVERSION = YES;
				CLANG_WARN_COMMA = YES;
				CLANG_WARN_CONSTANT_CONVERSION = YES;
				CLANG_WARN_DEPRECATED_OBJC_IMPLEMENTATIONS = YES;
				CLANG_WARN_DIRECT_OBJC_ISA_USAGE = YES_ERROR;
				CLANG_WARN_DOCUMENTATION_COMMENTS = YES;
				CLANG_WARN_EMPTY_BODY = YES;
				CLANG_WARN_ENUM_CONVERSION = YES;
				CLANG_WARN_INFINITE_RECURSION = YES;
				CLANG_WARN_INT_CONVERSION = YES;
				CLANG_WARN_NON_LITERAL_NULL_CONVERSION = YES;
				CLANG_WARN_OBJC_IMPLICIT_RETAIN_SELF = YES;
				CLANG_WARN_OBJC_LITERAL_CONVERSION = YES;
				CLANG_WARN_OBJC_ROOT_CLASS = YES_ERROR;
				CLANG_WARN_QUOTED_INCLUDE_IN_FRAMEWORK_HEADER = YES;
				CLANG_WARN_RANGE_LOOP_ANALYSIS = YES;
				CLANG_WARN_STRICT_PROTOTYPES = YES;
				CLANG_WARN_SUSPICIOUS_MOVE = YES;
				CLANG_WARN_UNGUARDED_AVAILABILITY = YES_AGGRESSIVE;
				CLANG_WARN_UNREACHABLE_CODE = YES;
				CLANG_WARN__DUPLICATE_METHOD_MATCH = YES;
				COPY_PHASE_STRIP = NO;
				DEBUG_INFORMATION_FORMAT = dwarf;
				ENABLE_STRICT_OBJC_MSGSEND = YES;
				ENABLE_TESTABILITY = YES;
				GCC_C_LANGUAGE_STANDARD = gnu11;
				GCC_DYNAMIC_NO_PIC = NO;
				GCC_NO_COMMON_BLOCKS = YES;
				GCC_OPTIMIZATION_LEVEL = 0;
				GCC_PREPROCESSOR_DEFINITIONS = (
					"DEBUG=1",
					"$(inherited)",
				);
				GCC_WARN_64_TO_32_BIT_CONVERSION = YES;
				GCC_WARN_ABOUT_RETURN_TYPE = YES_ERROR;
				GCC_WARN_UNDECLARED_SELECTOR = YES;
				GCC_WARN_UNINITIALIZED_AUTOS = YES_AGGRESSIVE;
				GCC_WARN_UNUSED_FUNCTION = YES;
				GCC_WARN_UNUSED_VARIABLE = YES;
				IPHONEOS_DEPLOYMENT_TARGET = 16.1;
				MTL_ENABLE_DEBUG_INFO = INCLUDE_SOURCE;
				MTL_FAST_MATH = YES;
				ONLY_ACTIVE_ARCH = YES;
				SDKROOT = iphoneos;
				SWIFT_ACTIVE_COMPILATION_CONDITIONS = DEBUG;
				SWIFT_OPTIMIZATION_LEVEL = "-Onone";
			};
			name = Debug;
		};
		5A8F55142948CCDD00E87D25 /* Release */ = {
			isa = XCBuildConfiguration;
			buildSettings = {
				ALWAYS_SEARCH_USER_PATHS = NO;
				CLANG_ANALYZER_NONNULL = YES;
				CLANG_ANALYZER_NUMBER_OBJECT_CONVERSION = YES_AGGRESSIVE;
				CLANG_CXX_LANGUAGE_STANDARD = "gnu++20";
				CLANG_ENABLE_MODULES = YES;
				CLANG_ENABLE_OBJC_ARC = YES;
				CLANG_ENABLE_OBJC_WEAK = YES;
				CLANG_WARN_BLOCK_CAPTURE_AUTORELEASING = YES;
				CLANG_WARN_BOOL_CONVERSION = YES;
				CLANG_WARN_COMMA = YES;
				CLANG_WARN_CONSTANT_CONVERSION = YES;
				CLANG_WARN_DEPRECATED_OBJC_IMPLEMENTATIONS = YES;
				CLANG_WARN_DIRECT_OBJC_ISA_USAGE = YES_ERROR;
				CLANG_WARN_DOCUMENTATION_COMMENTS = YES;
				CLANG_WARN_EMPTY_BODY = YES;
				CLANG_WARN_ENUM_CONVERSION = YES;
				CLANG_WARN_INFINITE_RECURSION = YES;
				CLANG_WARN_INT_CONVERSION = YES;
				CLANG_WARN_NON_LITERAL_NULL_CONVERSION = YES;
				CLANG_WARN_OBJC_IMPLICIT_RETAIN_SELF = YES;
				CLANG_WARN_OBJC_LITERAL_CONVERSION = YES;
				CLANG_WARN_OBJC_ROOT_CLASS = YES_ERROR;
				CLANG_WARN_QUOTED_INCLUDE_IN_FRAMEWORK_HEADER = YES;
				CLANG_WARN_RANGE_LOOP_ANALYSIS = YES;
				CLANG_WARN_STRICT_PROTOTYPES = YES;
				CLANG_WARN_SUSPICIOUS_MOVE = YES;
				CLANG_WARN_UNGUARDED_AVAILABILITY = YES_AGGRESSIVE;
				CLANG_WARN_UNREACHABLE_CODE = YES;
				CLANG_WARN__DUPLICATE_METHOD_MATCH = YES;
				COPY_PHASE_STRIP = NO;
				DEBUG_INFORMATION_FORMAT = "dwarf-with-dsym";
				ENABLE_NS_ASSERTIONS = NO;
				ENABLE_STRICT_OBJC_MSGSEND = YES;
				GCC_C_LANGUAGE_STANDARD = gnu11;
				GCC_NO_COMMON_BLOCKS = YES;
				GCC_WARN_64_TO_32_BIT_CONVERSION = YES;
				GCC_WARN_ABOUT_RETURN_TYPE = YES_ERROR;
				GCC_WARN_UNDECLARED_SELECTOR = YES;
				GCC_WARN_UNINITIALIZED_AUTOS = YES_AGGRESSIVE;
				GCC_WARN_UNUSED_FUNCTION = YES;
				GCC_WARN_UNUSED_VARIABLE = YES;
				IPHONEOS_DEPLOYMENT_TARGET = 16.1;
				MTL_ENABLE_DEBUG_INFO = NO;
				MTL_FAST_MATH = YES;
				SDKROOT = iphoneos;
				SWIFT_COMPILATION_MODE = wholemodule;
				SWIFT_OPTIMIZATION_LEVEL = "-O";
				VALIDATE_PRODUCT = YES;
			};
			name = Release;
		};
		5A8F55162948CCDD00E87D25 /* Debug */ = {
			isa = XCBuildConfiguration;
			buildSettings = {
				ASSETCATALOG_COMPILER_APPICON_NAME = AppIcon;
				ASSETCATALOG_COMPILER_GLOBAL_ACCENT_COLOR_NAME = AccentColor;
				CODE_SIGN_STYLE = Automatic;
				CURRENT_PROJECT_VERSION = 1;
				DEVELOPMENT_ASSET_PATHS = "\"whisper-ios/Preview Content\"";
				ENABLE_PREVIEWS = YES;
				GENERATE_INFOPLIST_FILE = YES;
				INFOPLIST_KEY_UIApplicationSceneManifest_Generation = YES;
				INFOPLIST_KEY_UIApplicationSupportsIndirectInputEvents = YES;
				INFOPLIST_KEY_UILaunchScreen_Generation = YES;
				INFOPLIST_KEY_UISupportedInterfaceOrientations_iPad = "UIInterfaceOrientationPortrait UIInterfaceOrientationPortraitUpsideDown UIInterfaceOrientationLandscapeLeft UIInterfaceOrientationLandscapeRight";
				INFOPLIST_KEY_UISupportedInterfaceOrientations_iPhone = "UIInterfaceOrientationPortrait UIInterfaceOrientationLandscapeLeft UIInterfaceOrientationLandscapeRight";
				LD_RUNPATH_SEARCH_PATHS = (
					"$(inherited)",
					"@executable_path/Frameworks",
				);
				MARKETING_VERSION = 1.0;
				PRODUCT_BUNDLE_IDENTIFIER = "jp.openly.whisper-ios";
				PRODUCT_NAME = "$(TARGET_NAME)";
				SWIFT_EMIT_LOC_STRINGS = YES;
				SWIFT_VERSION = 5.0;
				TARGETED_DEVICE_FAMILY = "1,2";
			};
			name = Debug;
		};
		5A8F55172948CCDD00E87D25 /* Release */ = {
			isa = XCBuildConfiguration;
			buildSettings = {
				ASSETCATALOG_COMPILER_APPICON_NAME = AppIcon;
				ASSETCATALOG_COMPILER_GLOBAL_ACCENT_COLOR_NAME = AccentColor;
				CODE_SIGN_STYLE = Automatic;
				CURRENT_PROJECT_VERSION = 1;
				DEVELOPMENT_ASSET_PATHS = "\"whisper-ios/Preview Content\"";
				ENABLE_PREVIEWS = YES;
				GENERATE_INFOPLIST_FILE = YES;
				INFOPLIST_KEY_UIApplicationSceneManifest_Generation = YES;
				INFOPLIST_KEY_UIApplicationSupportsIndirectInputEvents = YES;
				INFOPLIST_KEY_UILaunchScreen_Generation = YES;
				INFOPLIST_KEY_UISupportedInterfaceOrientations_iPad = "UIInterfaceOrientationPortrait UIInterfaceOrientationPortraitUpsideDown UIInterfaceOrientationLandscapeLeft UIInterfaceOrientationLandscapeRight";
				INFOPLIST_KEY_UISupportedInterfaceOrientations_iPhone = "UIInterfaceOrientationPortrait UIInterfaceOrientationLandscapeLeft UIInterfaceOrientationLandscapeRight";
				LD_RUNPATH_SEARCH_PATHS = (
					"$(inherited)",
					"@executable_path/Frameworks",
				);
				MARKETING_VERSION = 1.0;
				PRODUCT_BUNDLE_IDENTIFIER = "jp.openly.whisper-ios";
				PRODUCT_NAME = "$(TARGET_NAME)";
				SWIFT_EMIT_LOC_STRINGS = YES;
				SWIFT_VERSION = 5.0;
				TARGETED_DEVICE_FAMILY = "1,2";
			};
			name = Release;
		};
		5A8F55192948CCDD00E87D25 /* Debug */ = {
			isa = XCBuildConfiguration;
			buildSettings = {
				ALWAYS_EMBED_SWIFT_STANDARD_LIBRARIES = YES;
				BUNDLE_LOADER = "$(TEST_HOST)";
				CODE_SIGN_STYLE = Automatic;
				CURRENT_PROJECT_VERSION = 1;
				GENERATE_INFOPLIST_FILE = YES;
				IPHONEOS_DEPLOYMENT_TARGET = 16.1;
				MARKETING_VERSION = 1.0;
				PRODUCT_BUNDLE_IDENTIFIER = "jp.openly.whisper-iosTests";
				PRODUCT_NAME = "$(TARGET_NAME)";
				SWIFT_EMIT_LOC_STRINGS = NO;
				SWIFT_VERSION = 5.0;
				TARGETED_DEVICE_FAMILY = "1,2";
				TEST_HOST = "$(BUILT_PRODUCTS_DIR)/whisper-ios.app/$(BUNDLE_EXECUTABLE_FOLDER_PATH)/whisper-ios";
			};
			name = Debug;
		};
		5A8F551A2948CCDD00E87D25 /* Release */ = {
			isa = XCBuildConfiguration;
			buildSettings = {
				ALWAYS_EMBED_SWIFT_STANDARD_LIBRARIES = YES;
				BUNDLE_LOADER = "$(TEST_HOST)";
				CODE_SIGN_STYLE = Automatic;
				CURRENT_PROJECT_VERSION = 1;
				GENERATE_INFOPLIST_FILE = YES;
				IPHONEOS_DEPLOYMENT_TARGET = 16.1;
				MARKETING_VERSION = 1.0;
				PRODUCT_BUNDLE_IDENTIFIER = "jp.openly.whisper-iosTests";
				PRODUCT_NAME = "$(TARGET_NAME)";
				SWIFT_EMIT_LOC_STRINGS = NO;
				SWIFT_VERSION = 5.0;
				TARGETED_DEVICE_FAMILY = "1,2";
				TEST_HOST = "$(BUILT_PRODUCTS_DIR)/whisper-ios.app/$(BUNDLE_EXECUTABLE_FOLDER_PATH)/whisper-ios";
			};
			name = Release;
		};
		5A8F551C2948CCDD00E87D25 /* Debug */ = {
			isa = XCBuildConfiguration;
			buildSettings = {
				ALWAYS_EMBED_SWIFT_STANDARD_LIBRARIES = YES;
				CODE_SIGN_STYLE = Automatic;
				CURRENT_PROJECT_VERSION = 1;
				GENERATE_INFOPLIST_FILE = YES;
				MARKETING_VERSION = 1.0;
				PRODUCT_BUNDLE_IDENTIFIER = "jp.openly.whisper-iosUITests";
				PRODUCT_NAME = "$(TARGET_NAME)";
				SWIFT_EMIT_LOC_STRINGS = NO;
				SWIFT_VERSION = 5.0;
				TARGETED_DEVICE_FAMILY = "1,2";
				TEST_TARGET_NAME = "whisper-ios";
			};
			name = Debug;
		};
		5A8F551D2948CCDD00E87D25 /* Release */ = {
			isa = XCBuildConfiguration;
			buildSettings = {
				ALWAYS_EMBED_SWIFT_STANDARD_LIBRARIES = YES;
				CODE_SIGN_STYLE = Automatic;
				CURRENT_PROJECT_VERSION = 1;
				GENERATE_INFOPLIST_FILE = YES;
				MARKETING_VERSION = 1.0;
				PRODUCT_BUNDLE_IDENTIFIER = "jp.openly.whisper-iosUITests";
				PRODUCT_NAME = "$(TARGET_NAME)";
				SWIFT_EMIT_LOC_STRINGS = NO;
				SWIFT_VERSION = 5.0;
				TARGETED_DEVICE_FAMILY = "1,2";
				TEST_TARGET_NAME = "whisper-ios";
			};
			name = Release;
		};
/* End XCBuildConfiguration section */

/* Begin XCConfigurationList section */
		5A8F54EC2948CCDB00E87D25 /* Build configuration list for PBXProject "whisper-ios" */ = {
			isa = XCConfigurationList;
			buildConfigurations = (
				5A8F55132948CCDD00E87D25 /* Debug */,
				5A8F55142948CCDD00E87D25 /* Release */,
			);
			defaultConfigurationIsVisible = 0;
			defaultConfigurationName = Release;
		};
		5A8F55152948CCDD00E87D25 /* Build configuration list for PBXNativeTarget "whisper-ios" */ = {
			isa = XCConfigurationList;
			buildConfigurations = (
				5A8F55162948CCDD00E87D25 /* Debug */,
				5A8F55172948CCDD00E87D25 /* Release */,
			);
			defaultConfigurationIsVisible = 0;
			defaultConfigurationName = Release;
		};
		5A8F55182948CCDD00E87D25 /* Build configuration list for PBXNativeTarget "whisper-iosTests" */ = {
			isa = XCConfigurationList;
			buildConfigurations = (
				5A8F55192948CCDD00E87D25 /* Debug */,
				5A8F551A2948CCDD00E87D25 /* Release */,
			);
			defaultConfigurationIsVisible = 0;
			defaultConfigurationName = Release;
		};
		5A8F551B2948CCDD00E87D25 /* Build configuration list for PBXNativeTarget "whisper-iosUITests" */ = {
			isa = XCConfigurationList;
			buildConfigurations = (
				5A8F551C2948CCDD00E87D25 /* Debug */,
				5A8F551D2948CCDD00E87D25 /* Release */,
			);
			defaultConfigurationIsVisible = 0;
			defaultConfigurationName = Release;
		};
/* End XCConfigurationList section */
	};
	rootObject = 5A8F54E92948CCDB00E87D25 /* Project object */;
}
